
Microsoft Visual Studio Solution File, Format Version 12.00
# Visual Studio Version 16
VisualStudioVersion = 25.0.1700.7
MinimumVisualStudioVersion = 10.0.40219.1
Project("{FAE04EC0-301F-11D3-BF4B-00C04F79EFBC}") = "Lab7.0", "Lab7.0\Lab7.0.csproj", "{1C507761-B127-4C32-A502-241A8E2EC227}"
EndProject
Global
	GlobalSection(SolutionConfigurationPlatforms) = preSolution
		Debug|Any CPU = Debug|Any CPU
		Release|Any CPU = Release|Any CPU
	EndGlobalSection
	GlobalSection(ProjectConfigurationPlatforms) = postSolution
		{1C507761-B127-4C32-A502-241A8E2EC227}.Debug|Any CPU.ActiveCfg = Debug|Any CPU
		{1C507761-B127-4C32-A502-241A8E2EC227}.Debug|Any CPU.Build.0 = Debug|Any CPU
		{1C507761-B127-4C32-A502-241A8E2EC227}.Release|Any CPU.ActiveCfg = Release|Any CPU
		{1C507761-B127-4C32-A502-241A8E2EC227}.Release|Any CPU.Build.0 = Release|Any CPU
	EndGlobalSection
	GlobalSection(SolutionProperties) = preSolution
		HideSolutionNode = FALSE
	EndGlobalSection
	GlobalSection(ExtensibilityGlobals) = postSolution
		SolutionGuid = {6AAF9986-0703-47F9-86EC-CC3D98CE663A}
	EndGlobalSection
EndGlobal
